// !$*UTF8*$!
{
	archiveVersion = 1;
	classes = {
	};
	objectVersion = 56;
	objects = {

/* Begin PBXBuildFile section */
		D60A8B66292D368600C25B78 /* TimeClockApp.swift in Sources */ = {isa = PBXBuildFile; fileRef = D60A8B65292D368600C25B78 /* TimeClockApp.swift */; };
		D60A8B68292D368600C25B78 /* ContentView.swift in Sources */ = {isa = PBXBuildFile; fileRef = D60A8B67292D368600C25B78 /* ContentView.swift */; };
		D60A8B6A292D368700C25B78 /* Assets.xcassets in Resources */ = {isa = PBXBuildFile; fileRef = D60A8B69292D368700C25B78 /* Assets.xcassets */; };
		D60A8B6D292D368700C25B78 /* Preview Assets.xcassets in Resources */ = {isa = PBXBuildFile; fileRef = D60A8B6C292D368700C25B78 /* Preview Assets.xcassets */; };
		D60A8B77292D368700C25B78 /* TimeClockTests.swift in Sources */ = {isa = PBXBuildFile; fileRef = D60A8B76292D368700C25B78 /* TimeClockTests.swift */; };
		D60A8B81292D368700C25B78 /* TimeClockUITests.swift in Sources */ = {isa = PBXBuildFile; fileRef = D60A8B80292D368700C25B78 /* TimeClockUITests.swift */; };
		D60A8B83292D368700C25B78 /* TimeClockUITestsLaunchTests.swift in Sources */ = {isa = PBXBuildFile; fileRef = D60A8B82292D368700C25B78 /* TimeClockUITestsLaunchTests.swift */; };
		D60A8B90292D36A700C25B78 /* UserModel.swift in Sources */ = {isa = PBXBuildFile; fileRef = D60A8B8F292D36A700C25B78 /* UserModel.swift */; };
		D60A8B92292D38E700C25B78 /* PunchModel.swift in Sources */ = {isa = PBXBuildFile; fileRef = D60A8B91292D38E700C25B78 /* PunchModel.swift */; };
		D60A8B94292E6EE000C25B78 /* PunchHistoryView.swift in Sources */ = {isa = PBXBuildFile; fileRef = D60A8B93292E6EE000C25B78 /* PunchHistoryView.swift */; };
		D60A8B96292E6F9F00C25B78 /* Users.swift in Sources */ = {isa = PBXBuildFile; fileRef = D60A8B95292E6F9F00C25B78 /* Users.swift */; };
/* End PBXBuildFile section */

/* Begin PBXContainerItemProxy section */
		D60A8B73292D368700C25B78 /* PBXContainerItemProxy */ = {
			isa = PBXContainerItemProxy;
			containerPortal = D60A8B5A292D368600C25B78 /* Project object */;
			proxyType = 1;
			remoteGlobalIDString = D60A8B61292D368600C25B78;
			remoteInfo = TimeClock;
		};
		D60A8B7D292D368700C25B78 /* PBXContainerItemProxy */ = {
			isa = PBXContainerItemProxy;
			containerPortal = D60A8B5A292D368600C25B78 /* Project object */;
			proxyType = 1;
			remoteGlobalIDString = D60A8B61292D368600C25B78;
			remoteInfo = TimeClock;
		};
/* End PBXContainerItemProxy section */

/* Begin PBXFileReference section */
		D60A8B62292D368600C25B78 /* TimeClock.app */ = {isa = PBXFileReference; explicitFileType = wrapper.application; includeInIndex = 0; path = TimeClock.app; sourceTree = BUILT_PRODUCTS_DIR; };
		D60A8B65292D368600C25B78 /* TimeClockApp.swift */ = {isa = PBXFileReference; lastKnownFileType = sourcecode.swift; path = TimeClockApp.swift; sourceTree = "<group>"; };
		D60A8B67292D368600C25B78 /* ContentView.swift */ = {isa = PBXFileReference; lastKnownFileType = sourcecode.swift; path = ContentView.swift; sourceTree = "<group>"; };
		D60A8B69292D368700C25B78 /* Assets.xcassets */ = {isa = PBXFileReference; lastKnownFileType = folder.assetcatalog; path = Assets.xcassets; sourceTree = "<group>"; };
		D60A8B6C292D368700C25B78 /* Preview Assets.xcassets */ = {isa = PBXFileReference; lastKnownFileType = folder.assetcatalog; path = "Preview Assets.xcassets"; sourceTree = "<group>"; };
		D60A8B72292D368700C25B78 /* TimeClockTests.xctest */ = {isa = PBXFileReference; explicitFileType = wrapper.cfbundle; includeInIndex = 0; path = TimeClockTests.xctest; sourceTree = BUILT_PRODUCTS_DIR; };
		D60A8B76292D368700C25B78 /* TimeClockTests.swift */ = {isa = PBXFileReference; lastKnownFileType = sourcecode.swift; path = TimeClockTests.swift; sourceTree = "<group>"; };
		D60A8B7C292D368700C25B78 /* TimeClockUITests.xctest */ = {isa = PBXFileReference; explicitFileType = wrapper.cfbundle; includeInIndex = 0; path = TimeClockUITests.xctest; sourceTree = BUILT_PRODUCTS_DIR; };
		D60A8B80292D368700C25B78 /* TimeClockUITests.swift */ = {isa = PBXFileReference; lastKnownFileType = sourcecode.swift; path = TimeClockUITests.swift; sourceTree = "<group>"; };
		D60A8B82292D368700C25B78 /* TimeClockUITestsLaunchTests.swift */ = {isa = PBXFileReference; lastKnownFileType = sourcecode.swift; path = TimeClockUITestsLaunchTests.swift; sourceTree = "<group>"; };
		D60A8B8F292D36A700C25B78 /* UserModel.swift */ = {isa = PBXFileReference; lastKnownFileType = sourcecode.swift; path = UserModel.swift; sourceTree = "<group>"; };
		D60A8B91292D38E700C25B78 /* PunchModel.swift */ = {isa = PBXFileReference; lastKnownFileType = sourcecode.swift; path = PunchModel.swift; sourceTree = "<group>"; };
		D60A8B93292E6EE000C25B78 /* PunchHistoryView.swift */ = {isa = PBXFileReference; lastKnownFileType = sourcecode.swift; path = PunchHistoryView.swift; sourceTree = "<group>"; };
		D60A8B95292E6F9F00C25B78 /* Users.swift */ = {isa = PBXFileReference; lastKnownFileType = sourcecode.swift; path = Users.swift; sourceTree = "<group>"; };
/* End PBXFileReference section */

/* Begin PBXFrameworksBuildPhase section */
		D60A8B5F292D368600C25B78 /* Frameworks */ = {
			isa = PBXFrameworksBuildPhase;
			buildActionMask = 2147483647;
			files = (
			);
			runOnlyForDeploymentPostprocessing = 0;
		};
		D60A8B6F292D368700C25B78 /* Frameworks */ = {
			isa = PBXFrameworksBuildPhase;
			buildActionMask = 2147483647;
			files = (
			);
			runOnlyForDeploymentPostprocessing = 0;
		};
		D60A8B79292D368700C25B78 /* Frameworks */ = {
			isa = PBXFrameworksBuildPhase;
			buildActionMask = 2147483647;
			files = (
			);
			runOnlyForDeploymentPostprocessing = 0;
		};
/* End PBXFrameworksBuildPhase section */

/* Begin PBXGroup section */
		D60A8B59292D368600C25B78 = {
			isa = PBXGroup;
			children = (
				D60A8B64292D368600C25B78 /* TimeClock */,
				D60A8B75292D368700C25B78 /* TimeClockTests */,
				D60A8B7F292D368700C25B78 /* TimeClockUITests */,
				D60A8B63292D368600C25B78 /* Products */,
			);
			sourceTree = "<group>";
		};
		D60A8B63292D368600C25B78 /* Products */ = {
			isa = PBXGroup;
			children = (
				D60A8B62292D368600C25B78 /* TimeClock.app */,
				D60A8B72292D368700C25B78 /* TimeClockTests.xctest */,
				D60A8B7C292D368700C25B78 /* TimeClockUITests.xctest */,
			);
			name = Products;
			sourceTree = "<group>";
		};
		D60A8B64292D368600C25B78 /* TimeClock */ = {
			isa = PBXGroup;
			children = (
				D60A8B65292D368600C25B78 /* TimeClockApp.swift */,
				D60A8B67292D368600C25B78 /* ContentView.swift */,
				D60A8B93292E6EE000C25B78 /* PunchHistoryView.swift */,
				D60A8B8F292D36A700C25B78 /* UserModel.swift */,
				D60A8B95292E6F9F00C25B78 /* Users.swift */,
				D60A8B91292D38E700C25B78 /* PunchModel.swift */,
				D60A8B69292D368700C25B78 /* Assets.xcassets */,
				D60A8B6B292D368700C25B78 /* Preview Content */,
			);
			path = TimeClock;
			sourceTree = "<group>";
		};
		D60A8B6B292D368700C25B78 /* Preview Content */ = {
			isa = PBXGroup;
			children = (
				D60A8B6C292D368700C25B78 /* Preview Assets.xcassets */,
			);
			path = "Preview Content";
			sourceTree = "<group>";
		};
		D60A8B75292D368700C25B78 /* TimeClockTests */ = {
			isa = PBXGroup;
			children = (
				D60A8B76292D368700C25B78 /* TimeClockTests.swift */,
			);
			path = TimeClockTests;
			sourceTree = "<group>";
		};
		D60A8B7F292D368700C25B78 /* TimeClockUITests */ = {
			isa = PBXGroup;
			children = (
				D60A8B80292D368700C25B78 /* TimeClockUITests.swift */,
				D60A8B82292D368700C25B78 /* TimeClockUITestsLaunchTests.swift */,
			);
			path = TimeClockUITests;
			sourceTree = "<group>";
		};
/* End PBXGroup section */

/* Begin PBXNativeTarget section */
		D60A8B61292D368600C25B78 /* TimeClock */ = {
			isa = PBXNativeTarget;
			buildConfigurationList = D60A8B86292D368700C25B78 /* Build configuration list for PBXNativeTarget "TimeClock" */;
			buildPhases = (
				D60A8B5E292D368600C25B78 /* Sources */,
				D60A8B5F292D368600C25B78 /* Frameworks */,
				D60A8B60292D368600C25B78 /* Resources */,
			);
			buildRules = (
			);
			dependencies = (
			);
			name = TimeClock;
			productName = TimeClock;
			productReference = D60A8B62292D368600C25B78 /* TimeClock.app */;
			productType = "com.apple.product-type.application";
		};
		D60A8B71292D368700C25B78 /* TimeClockTests */ = {
			isa = PBXNativeTarget;
			buildConfigurationList = D60A8B89292D368700C25B78 /* Build configuration list for PBXNativeTarget "TimeClockTests" */;
			buildPhases = (
				D60A8B6E292D368700C25B78 /* Sources */,
				D60A8B6F292D368700C25B78 /* Frameworks */,
				D60A8B70292D368700C25B78 /* Resources */,
			);
			buildRules = (
			);
			dependencies = (
				D60A8B74292D368700C25B78 /* PBXTargetDependency */,
			);
			name = TimeClockTests;
			productName = TimeClockTests;
			productReference = D60A8B72292D368700C25B78 /* TimeClockTests.xctest */;
			productType = "com.apple.product-type.bundle.unit-test";
		};
		D60A8B7B292D368700C25B78 /* TimeClockUITests */ = {
			isa = PBXNativeTarget;
			buildConfigurationList = D60A8B8C292D368700C25B78 /* Build configuration list for PBXNativeTarget "TimeClockUITests" */;
			buildPhases = (
				D60A8B78292D368700C25B78 /* Sources */,
				D60A8B79292D368700C25B78 /* Frameworks */,
				D60A8B7A292D368700C25B78 /* Resources */,
			);
			buildRules = (
			);
			dependencies = (
				D60A8B7E292D368700C25B78 /* PBXTargetDependency */,
			);
			name = TimeClockUITests;
			productName = TimeClockUITests;
			productReference = D60A8B7C292D368700C25B78 /* TimeClockUITests.xctest */;
			productType = "com.apple.product-type.bundle.ui-testing";
		};
/* End PBXNativeTarget section */

/* Begin PBXProject section */
		D60A8B5A292D368600C25B78 /* Project object */ = {
			isa = PBXProject;
			attributes = {
				BuildIndependentTargetsInParallel = 1;
				LastSwiftUpdateCheck = 1400;
				LastUpgradeCheck = 1400;
				TargetAttributes = {
					D60A8B61292D368600C25B78 = {
						CreatedOnToolsVersion = 14.0.1;
					};
					D60A8B71292D368700C25B78 = {
						CreatedOnToolsVersion = 14.0.1;
						TestTargetID = D60A8B61292D368600C25B78;
					};
					D60A8B7B292D368700C25B78 = {
						CreatedOnToolsVersion = 14.0.1;
						TestTargetID = D60A8B61292D368600C25B78;
					};
				};
			};
			buildConfigurationList = D60A8B5D292D368600C25B78 /* Build configuration list for PBXProject "TimeClock" */;
			compatibilityVersion = "Xcode 14.0";
			developmentRegion = en;
			hasScannedForEncodings = 0;
			knownRegions = (
				en,
				Base,
			);
			mainGroup = D60A8B59292D368600C25B78;
			productRefGroup = D60A8B63292D368600C25B78 /* Products */;
			projectDirPath = "";
			projectRoot = "";
			targets = (
				D60A8B61292D368600C25B78 /* TimeClock */,
				D60A8B71292D368700C25B78 /* TimeClockTests */,
				D60A8B7B292D368700C25B78 /* TimeClockUITests */,
			);
		};
/* End PBXProject section */

/* Begin PBXResourcesBuildPhase section */
		D60A8B60292D368600C25B78 /* Resources */ = {
			isa = PBXResourcesBuildPhase;
			buildActionMask = 2147483647;
			files = (
				D60A8B6D292D368700C25B78 /* Preview Assets.xcassets in Resources */,
				D60A8B6A292D368700C25B78 /* Assets.xcassets in Resources */,
			);
			runOnlyForDeploymentPostprocessing = 0;
		};
		D60A8B70292D368700C25B78 /* Resources */ = {
			isa = PBXResourcesBuildPhase;
			buildActionMask = 2147483647;
			files = (
			);
			runOnlyForDeploymentPostprocessing = 0;
		};
		D60A8B7A292D368700C25B78 /* Resources */ = {
			isa = PBXResourcesBuildPhase;
			buildActionMask = 2147483647;
			files = (
			);
			runOnlyForDeploymentPostprocessing = 0;
		};
/* End PBXResourcesBuildPhase section */

/* Begin PBXSourcesBuildPhase section */
		D60A8B5E292D368600C25B78 /* Sources */ = {
			isa = PBXSourcesBuildPhase;
			buildActionMask = 2147483647;
			files = (
				D60A8B68292D368600C25B78 /* ContentView.swift in Sources */,
				D60A8B90292D36A700C25B78 /* UserModel.swift in Sources */,
				D60A8B94292E6EE000C25B78 /* PunchHistoryView.swift in Sources */,
				D60A8B92292D38E700C25B78 /* PunchModel.swift in Sources */,
				D60A8B96292E6F9F00C25B78 /* Users.swift in Sources */,
				D60A8B66292D368600C25B78 /* TimeClockApp.swift in Sources */,
			);
			runOnlyForDeploymentPostprocessing = 0;
		};
		D60A8B6E292D368700C25B78 /* Sources */ = {
			isa = PBXSourcesBuildPhase;
			buildActionMask = 2147483647;
			files = (
				D60A8B77292D368700C25B78 /* TimeClockTests.swift in Sources */,
			);
			runOnlyForDeploymentPostprocessing = 0;
		};
		D60A8B78292D368700C25B78 /* Sources */ = {
			isa = PBXSourcesBuildPhase;
			buildActionMask = 2147483647;
			files = (
				D60A8B83292D368700C25B78 /* TimeClockUITestsLaunchTests.swift in Sources */,
				D60A8B81292D368700C25B78 /* TimeClockUITests.swift in Sources */,
			);
			runOnlyForDeploymentPostprocessing = 0;
		};
/* End PBXSourcesBuildPhase section */

/* Begin PBXTargetDependency section */
		D60A8B74292D368700C25B78 /* PBXTargetDependency */ = {
			isa = PBXTargetDependency;
			target = D60A8B61292D368600C25B78 /* TimeClock */;
			targetProxy = D60A8B73292D368700C25B78 /* PBXContainerItemProxy */;
		};
		D60A8B7E292D368700C25B78 /* PBXTargetDependency */ = {
			isa = PBXTargetDependency;
			target = D60A8B61292D368600C25B78 /* TimeClock */;
			targetProxy = D60A8B7D292D368700C25B78 /* PBXContainerItemProxy */;
		};
/* End PBXTargetDependency section */

/* Begin XCBuildConfiguration section */
		D60A8B84292D368700C25B78 /* Debug */ = {
			isa = XCBuildConfiguration;
			buildSettings = {
				ALWAYS_SEARCH_USER_PATHS = NO;
				CLANG_ANALYZER_NONNULL = YES;
				CLANG_ANALYZER_NUMBER_OBJECT_CONVERSION = YES_AGGRESSIVE;
				CLANG_CXX_LANGUAGE_STANDARD = "gnu++20";
				CLANG_ENABLE_MODULES = YES;
				CLANG_ENABLE_OBJC_ARC = YES;
				CLANG_ENABLE_OBJC_WEAK = YES;
				CLANG_WARN_BLOCK_CAPTURE_AUTORELEASING = YES;
				CLANG_WARN_BOOL_CONVERSION = YES;
				CLANG_WARN_COMMA = YES;
				CLANG_WARN_CONSTANT_CONVERSION = YES;
				CLANG_WARN_DEPRECATED_OBJC_IMPLEMENTATIONS = YES;
				CLANG_WARN_DIRECT_OBJC_ISA_USAGE = YES_ERROR;
				CLANG_WARN_DOCUMENTATION_COMMENTS = YES;
				CLANG_WARN_EMPTY_BODY = YES;
				CLANG_WARN_ENUM_CONVERSION = YES;
				CLANG_WARN_INFINITE_RECURSION = YES;
				CLANG_WARN_INT_CONVERSION = YES;
				CLANG_WARN_NON_LITERAL_NULL_CONVERSION = YES;
				CLANG_WARN_OBJC_IMPLICIT_RETAIN_SELF = YES;
				CLANG_WARN_OBJC_LITERAL_CONVERSION = YES;
				CLANG_WARN_OBJC_ROOT_CLASS = YES_ERROR;
				CLANG_WARN_QUOTED_INCLUDE_IN_FRAMEWORK_HEADER = YES;
				CLANG_WARN_RANGE_LOOP_ANALYSIS = YES;
				CLANG_WARN_STRICT_PROTOTYPES = YES;
				CLANG_WARN_SUSPICIOUS_MOVE = YES;
				CLANG_WARN_UNGUARDED_AVAILABILITY = YES_AGGRESSIVE;
				CLANG_WARN_UNREACHABLE_CODE = YES;
				CLANG_WARN__DUPLICATE_METHOD_MATCH = YES;
				COPY_PHASE_STRIP = NO;
				DEBUG_INFORMATION_FORMAT = dwarf;
				ENABLE_STRICT_OBJC_MSGSEND = YES;
				ENABLE_TESTABILITY = YES;
				GCC_C_LANGUAGE_STANDARD = gnu11;
				GCC_DYNAMIC_NO_PIC = NO;
				GCC_NO_COMMON_BLOCKS = YES;
				GCC_OPTIMIZATION_LEVEL = 0;
				GCC_PREPROCESSOR_DEFINITIONS = (
					"DEBUG=1",
					"$(inherited)",
				);
				GCC_WARN_64_TO_32_BIT_CONVERSION = YES;
				GCC_WARN_ABOUT_RETURN_TYPE = YES_ERROR;
				GCC_WARN_UNDECLARED_SELECTOR = YES;
				GCC_WARN_UNINITIALIZED_AUTOS = YES_AGGRESSIVE;
				GCC_WARN_UNUSED_FUNCTION = YES;
				GCC_WARN_UNUSED_VARIABLE = YES;
				IPHONEOS_DEPLOYMENT_TARGET = 16.0;
				MTL_ENABLE_DEBUG_INFO = INCLUDE_SOURCE;
				MTL_FAST_MATH = YES;
				ONLY_ACTIVE_ARCH = YES;
				SDKROOT = iphoneos;
				SWIFT_ACTIVE_COMPILATION_CONDITIONS = DEBUG;
				SWIFT_OPTIMIZATION_LEVEL = "-Onone";
			};
			name = Debug;
		};
		D60A8B85292D368700C25B78 /* Release */ = {
			isa = XCBuildConfiguration;
			buildSettings = {
				ALWAYS_SEARCH_USER_PATHS = NO;
				CLANG_ANALYZER_NONNULL = YES;
				CLANG_ANALYZER_NUMBER_OBJECT_CONVERSION = YES_AGGRESSIVE;
				CLANG_CXX_LANGUAGE_STANDARD = "gnu++20";
				CLANG_ENABLE_MODULES = YES;
				CLANG_ENABLE_OBJC_ARC = YES;
				CLANG_ENABLE_OBJC_WEAK = YES;
				CLANG_WARN_BLOCK_CAPTURE_AUTORELEASING = YES;
				CLANG_WARN_BOOL_CONVERSION = YES;
				CLANG_WARN_COMMA = YES;
				CLANG_WARN_CONSTANT_CONVERSION = YES;
				CLANG_WARN_DEPRECATED_OBJC_IMPLEMENTATIONS = YES;
				CLANG_WARN_DIRECT_OBJC_ISA_USAGE = YES_ERROR;
				CLANG_WARN_DOCUMENTATION_COMMENTS = YES;
				CLANG_WARN_EMPTY_BODY = YES;
				CLANG_WARN_ENUM_CONVERSION = YES;
				CLANG_WARN_INFINITE_RECURSION = YES;
				CLANG_WARN_INT_CONVERSION = YES;
				CLANG_WARN_NON_LITERAL_NULL_CONVERSION = YES;
				CLANG_WARN_OBJC_IMPLICIT_RETAIN_SELF = YES;
				CLANG_WARN_OBJC_LITERAL_CONVERSION = YES;
				CLANG_WARN_OBJC_ROOT_CLASS = YES_ERROR;
				CLANG_WARN_QUOTED_INCLUDE_IN_FRAMEWORK_HEADER = YES;
				CLANG_WARN_RANGE_LOOP_ANALYSIS = YES;
				CLANG_WARN_STRICT_PROTOTYPES = YES;
				CLANG_WARN_SUSPICIOUS_MOVE = YES;
				CLANG_WARN_UNGUARDED_AVAILABILITY = YES_AGGRESSIVE;
				CLANG_WARN_UNREACHABLE_CODE = YES;
				CLANG_WARN__DUPLICATE_METHOD_MATCH = YES;
				COPY_PHASE_STRIP = NO;
				DEBUG_INFORMATION_FORMAT = "dwarf-with-dsym";
				ENABLE_NS_ASSERTIONS = NO;
				ENABLE_STRICT_OBJC_MSGSEND = YES;
				GCC_C_LANGUAGE_STANDARD = gnu11;
				GCC_NO_COMMON_BLOCKS = YES;
				GCC_WARN_64_TO_32_BIT_CONVERSION = YES;
				GCC_WARN_ABOUT_RETURN_TYPE = YES_ERROR;
				GCC_WARN_UNDECLARED_SELECTOR = YES;
				GCC_WARN_UNINITIALIZED_AUTOS = YES_AGGRESSIVE;
				GCC_WARN_UNUSED_FUNCTION = YES;
				GCC_WARN_UNUSED_VARIABLE = YES;
				IPHONEOS_DEPLOYMENT_TARGET = 16.0;
				MTL_ENABLE_DEBUG_INFO = NO;
				MTL_FAST_MATH = YES;
				SDKROOT = iphoneos;
				SWIFT_COMPILATION_MODE = wholemodule;
				SWIFT_OPTIMIZATION_LEVEL = "-O";
				VALIDATE_PRODUCT = YES;
			};
			name = Release;
		};
		D60A8B87292D368700C25B78 /* Debug */ = {
			isa = XCBuildConfiguration;
			buildSettings = {
				ASSETCATALOG_COMPILER_APPICON_NAME = AppIcon;
				ASSETCATALOG_COMPILER_GLOBAL_ACCENT_COLOR_NAME = AccentColor;
				CODE_SIGN_STYLE = Automatic;
				CURRENT_PROJECT_VERSION = 1;
				DEVELOPMENT_ASSET_PATHS = "\"TimeClock/Preview Content\"";
				DEVELOPMENT_TEAM = 588PCRUA35;
				ENABLE_PREVIEWS = YES;
				GENERATE_INFOPLIST_FILE = YES;
				INFOPLIST_KEY_UIApplicationSceneManifest_Generation = YES;
				INFOPLIST_KEY_UIApplicationSupportsIndirectInputEvents = YES;
				INFOPLIST_KEY_UILaunchScreen_Generation = YES;
				INFOPLIST_KEY_UISupportedInterfaceOrientations_iPad = "UIInterfaceOrientationPortrait UIInterfaceOrientationPortraitUpsideDown UIInterfaceOrientationLandscapeLeft UIInterfaceOrientationLandscapeRight";
				INFOPLIST_KEY_UISupportedInterfaceOrientations_iPhone = "UIInterfaceOrientationPortrait UIInterfaceOrientationLandscapeLeft UIInterfaceOrientationLandscapeRight";
				LD_RUNPATH_SEARCH_PATHS = (
					"$(inherited)",
					"@executable_path/Frameworks",
				);
				MARKETING_VERSION = 1.0;
				PRODUCT_BUNDLE_IDENTIFIER = com.LinwoodTechnologies.TimeClock;
				PRODUCT_NAME = "$(TARGET_NAME)";
				SWIFT_EMIT_LOC_STRINGS = YES;
				SWIFT_VERSION = 5.0;
				TARGETED_DEVICE_FAMILY = "1,2";
			};
			name = Debug;
		};
		D60A8B88292D368700C25B78 /* Release */ = {
			isa = XCBuildConfiguration;
			buildSettings = {
				ASSETCATALOG_COMPILER_APPICON_NAME = AppIcon;
				ASSETCATALOG_COMPILER_GLOBAL_ACCENT_COLOR_NAME = AccentColor;
				CODE_SIGN_STYLE = Automatic;
				CURRENT_PROJECT_VERSION = 1;
				DEVELOPMENT_ASSET_PATHS = "\"TimeClock/Preview Content\"";
				DEVELOPMENT_TEAM = 588PCRUA35;
				ENABLE_PREVIEWS = YES;
				GENERATE_INFOPLIST_FILE = YES;
				INFOPLIST_KEY_UIApplicationSceneManifest_Generation = YES;
				INFOPLIST_KEY_UIApplicationSupportsIndirectInputEvents = YES;
				INFOPLIST_KEY_UILaunchScreen_Generation = YES;
				INFOPLIST_KEY_UISupportedInterfaceOrientations_iPad = "UIInterfaceOrientationPortrait UIInterfaceOrientationPortraitUpsideDown UIInterfaceOrientationLandscapeLeft UIInterfaceOrientationLandscapeRight";
				INFOPLIST_KEY_UISupportedInterfaceOrientations_iPhone = "UIInterfaceOrientationPortrait UIInterfaceOrientationLandscapeLeft UIInterfaceOrientationLandscapeRight";
				LD_RUNPATH_SEARCH_PATHS = (
					"$(inherited)",
					"@executable_path/Frameworks",
				);
				MARKETING_VERSION = 1.0;
				PRODUCT_BUNDLE_IDENTIFIER = com.LinwoodTechnologies.TimeClock;
				PRODUCT_NAME = "$(TARGET_NAME)";
				SWIFT_EMIT_LOC_STRINGS = YES;
				SWIFT_VERSION = 5.0;
				TARGETED_DEVICE_FAMILY = "1,2";
			};
			name = Release;
		};
		D60A8B8A292D368700C25B78 /* Debug */ = {
			isa = XCBuildConfiguration;
			buildSettings = {
				ALWAYS_EMBED_SWIFT_STANDARD_LIBRARIES = YES;
				BUNDLE_LOADER = "$(TEST_HOST)";
				CODE_SIGN_STYLE = Automatic;
				CURRENT_PROJECT_VERSION = 1;
				DEVELOPMENT_TEAM = 588PCRUA35;
				GENERATE_INFOPLIST_FILE = YES;
				IPHONEOS_DEPLOYMENT_TARGET = 16.0;
				MARKETING_VERSION = 1.0;
				PRODUCT_BUNDLE_IDENTIFIER = com.LinwoodTechnologies.TimeClockTests;
				PRODUCT_NAME = "$(TARGET_NAME)";
				SWIFT_EMIT_LOC_STRINGS = NO;
				SWIFT_VERSION = 5.0;
				TARGETED_DEVICE_FAMILY = "1,2";
				TEST_HOST = "$(BUILT_PRODUCTS_DIR)/TimeClock.app/$(BUNDLE_EXECUTABLE_FOLDER_PATH)/TimeClock";
			};
			name = Debug;
		};
		D60A8B8B292D368700C25B78 /* Release */ = {
			isa = XCBuildConfiguration;
			buildSettings = {
				ALWAYS_EMBED_SWIFT_STANDARD_LIBRARIES = YES;
				BUNDLE_LOADER = "$(TEST_HOST)";
				CODE_SIGN_STYLE = Automatic;
				CURRENT_PROJECT_VERSION = 1;
				DEVELOPMENT_TEAM = 588PCRUA35;
				GENERATE_INFOPLIST_FILE = YES;
				IPHONEOS_DEPLOYMENT_TARGET = 16.0;
				MARKETING_VERSION = 1.0;
				PRODUCT_BUNDLE_IDENTIFIER = com.LinwoodTechnologies.TimeClockTests;
				PRODUCT_NAME = "$(TARGET_NAME)";
				SWIFT_EMIT_LOC_STRINGS = NO;
				SWIFT_VERSION = 5.0;
				TARGETED_DEVICE_FAMILY = "1,2";
				TEST_HOST = "$(BUILT_PRODUCTS_DIR)/TimeClock.app/$(BUNDLE_EXECUTABLE_FOLDER_PATH)/TimeClock";
			};
			name = Release;
		};
		D60A8B8D292D368700C25B78 /* Debug */ = {
			isa = XCBuildConfiguration;
			buildSettings = {
				ALWAYS_EMBED_SWIFT_STANDARD_LIBRARIES = YES;
				CODE_SIGN_STYLE = Automatic;
				CURRENT_PROJECT_VERSION = 1;
				DEVELOPMENT_TEAM = 588PCRUA35;
				GENERATE_INFOPLIST_FILE = YES;
				MARKETING_VERSION = 1.0;
				PRODUCT_BUNDLE_IDENTIFIER = com.LinwoodTechnologies.TimeClockUITests;
				PRODUCT_NAME = "$(TARGET_NAME)";
				SWIFT_EMIT_LOC_STRINGS = NO;
				SWIFT_VERSION = 5.0;
				TARGETED_DEVICE_FAMILY = "1,2";
				TEST_TARGET_NAME = TimeClock;
			};
			name = Debug;
		};
		D60A8B8E292D368700C25B78 /* Release */ = {
			isa = XCBuildConfiguration;
			buildSettings = {
				ALWAYS_EMBED_SWIFT_STANDARD_LIBRARIES = YES;
				CODE_SIGN_STYLE = Automatic;
				CURRENT_PROJECT_VERSION = 1;
				DEVELOPMENT_TEAM = 588PCRUA35;
				GENERATE_INFOPLIST_FILE = YES;
				MARKETING_VERSION = 1.0;
				PRODUCT_BUNDLE_IDENTIFIER = com.LinwoodTechnologies.TimeClockUITests;
				PRODUCT_NAME = "$(TARGET_NAME)";
				SWIFT_EMIT_LOC_STRINGS = NO;
				SWIFT_VERSION = 5.0;
				TARGETED_DEVICE_FAMILY = "1,2";
				TEST_TARGET_NAME = TimeClock;
			};
			name = Release;
		};
/* End XCBuildConfiguration section */

/* Begin XCConfigurationList section */
		D60A8B5D292D368600C25B78 /* Build configuration list for PBXProject "TimeClock" */ = {
			isa = XCConfigurationList;
			buildConfigurations = (
				D60A8B84292D368700C25B78 /* Debug */,
				D60A8B85292D368700C25B78 /* Release */,
			);
			defaultConfigurationIsVisible = 0;
			defaultConfigurationName = Release;
		};
		D60A8B86292D368700C25B78 /* Build configuration list for PBXNativeTarget "TimeClock" */ = {
			isa = XCConfigurationList;
			buildConfigurations = (
				D60A8B87292D368700C25B78 /* Debug */,
				D60A8B88292D368700C25B78 /* Release */,
			);
			defaultConfigurationIsVisible = 0;
			defaultConfigurationName = Release;
		};
		D60A8B89292D368700C25B78 /* Build configuration list for PBXNativeTarget "TimeClockTests" */ = {
			isa = XCConfigurationList;
			buildConfigurations = (
				D60A8B8A292D368700C25B78 /* Debug */,
				D60A8B8B292D368700C25B78 /* Release */,
			);
			defaultConfigurationIsVisible = 0;
			defaultConfigurationName = Release;
		};
		D60A8B8C292D368700C25B78 /* Build configuration list for PBXNativeTarget "TimeClockUITests" */ = {
			isa = XCConfigurationList;
			buildConfigurations = (
				D60A8B8D292D368700C25B78 /* Debug */,
				D60A8B8E292D368700C25B78 /* Release */,
			);
			defaultConfigurationIsVisible = 0;
			defaultConfigurationName = Release;
		};
/* End XCConfigurationList section */
	};
	rootObject = D60A8B5A292D368600C25B78 /* Project object */;
}
